// !$*UTF8*$!
{
	archiveVersion = 1;
	classes = {
	};
	objectVersion = 56;
	objects = {

/* Begin PBXBuildFile section */
		5423481E29E9533700CFC757 /* StyleSheet.swift in Sources */ = {isa = PBXBuildFile; fileRef = 5423481829E9533700CFC757 /* StyleSheet.swift */; };
		5423481F29E9533700CFC757 /* ulysses.css in Resources */ = {isa = PBXBuildFile; fileRef = 5423481929E9533700CFC757 /* ulysses.css */; };
		5423482029E9533700CFC757 /* darksolarized.css in Resources */ = {isa = PBXBuildFile; fileRef = 5423481A29E9533700CFC757 /* darksolarized.css */; };
		5423482129E9533700CFC757 /* github.css in Resources */ = {isa = PBXBuildFile; fileRef = 5423481B29E9533700CFC757 /* github.css */; };
		5423482229E9533700CFC757 /* lopash.css in Resources */ = {isa = PBXBuildFile; fileRef = 5423481C29E9533700CFC757 /* lopash.css */; };
		5423482329E9533700CFC757 /* raywenderlich.css in Resources */ = {isa = PBXBuildFile; fileRef = 5423481D29E9533700CFC757 /* raywenderlich.css */; };
		5423482529E9542400CFC757 /* MenuCommands.swift in Sources */ = {isa = PBXBuildFile; fileRef = 5423482429E9542400CFC757 /* MenuCommands.swift */; };
		5478FC6B29E8099B00C36725 /* MarkDownerApp.swift in Sources */ = {isa = PBXBuildFile; fileRef = 5478FC6A29E8099B00C36725 /* MarkDownerApp.swift */; };
		5478FC6D29E8099B00C36725 /* MarkDownerDocument.swift in Sources */ = {isa = PBXBuildFile; fileRef = 5478FC6C29E8099B00C36725 /* MarkDownerDocument.swift */; };
		5478FC6F29E8099B00C36725 /* ContentView.swift in Sources */ = {isa = PBXBuildFile; fileRef = 5478FC6E29E8099B00C36725 /* ContentView.swift */; };
		5478FC7129E8099D00C36725 /* Assets.xcassets in Resources */ = {isa = PBXBuildFile; fileRef = 5478FC7029E8099D00C36725 /* Assets.xcassets */; };
		5478FC7429E8099D00C36725 /* Preview Assets.xcassets in Resources */ = {isa = PBXBuildFile; fileRef = 5478FC7329E8099D00C36725 /* Preview Assets.xcassets */; };
		5478FC7E29E8113700C36725 /* MarkdownKit in Frameworks */ = {isa = PBXBuildFile; productRef = 5478FC7D29E8113700C36725 /* MarkdownKit */; };
		5478FC8029E8124000C36725 /* WebView.swift in Sources */ = {isa = PBXBuildFile; fileRef = 5478FC7F29E8124000C36725 /* WebView.swift */; };
/* End PBXBuildFile section */

/* Begin PBXFileReference section */
		5423481829E9533700CFC757 /* StyleSheet.swift */ = {isa = PBXFileReference; fileEncoding = 4; lastKnownFileType = sourcecode.swift; path = StyleSheet.swift; sourceTree = "<group>"; };
		5423481929E9533700CFC757 /* ulysses.css */ = {isa = PBXFileReference; fileEncoding = 4; lastKnownFileType = text.css; path = ulysses.css; sourceTree = "<group>"; };
		5423481A29E9533700CFC757 /* darksolarized.css */ = {isa = PBXFileReference; fileEncoding = 4; lastKnownFileType = text.css; path = darksolarized.css; sourceTree = "<group>"; };
		5423481B29E9533700CFC757 /* github.css */ = {isa = PBXFileReference; fileEncoding = 4; lastKnownFileType = text.css; path = github.css; sourceTree = "<group>"; };
		5423481C29E9533700CFC757 /* lopash.css */ = {isa = PBXFileReference; fileEncoding = 4; lastKnownFileType = text.css; path = lopash.css; sourceTree = "<group>"; };
		5423481D29E9533700CFC757 /* raywenderlich.css */ = {isa = PBXFileReference; fileEncoding = 4; lastKnownFileType = text.css; path = raywenderlich.css; sourceTree = "<group>"; };
		5423482429E9542400CFC757 /* MenuCommands.swift */ = {isa = PBXFileReference; lastKnownFileType = sourcecode.swift; path = MenuCommands.swift; sourceTree = "<group>"; };
		5478FC6729E8099B00C36725 /* MarkDowner.app */ = {isa = PBXFileReference; explicitFileType = wrapper.application; includeInIndex = 0; path = MarkDowner.app; sourceTree = BUILT_PRODUCTS_DIR; };
		5478FC6A29E8099B00C36725 /* MarkDownerApp.swift */ = {isa = PBXFileReference; lastKnownFileType = sourcecode.swift; path = MarkDownerApp.swift; sourceTree = "<group>"; };
		5478FC6C29E8099B00C36725 /* MarkDownerDocument.swift */ = {isa = PBXFileReference; lastKnownFileType = sourcecode.swift; path = MarkDownerDocument.swift; sourceTree = "<group>"; };
		5478FC6E29E8099B00C36725 /* ContentView.swift */ = {isa = PBXFileReference; lastKnownFileType = sourcecode.swift; path = ContentView.swift; sourceTree = "<group>"; };
		5478FC7029E8099D00C36725 /* Assets.xcassets */ = {isa = PBXFileReference; lastKnownFileType = folder.assetcatalog; path = Assets.xcassets; sourceTree = "<group>"; };
		5478FC7329E8099D00C36725 /* Preview Assets.xcassets */ = {isa = PBXFileReference; lastKnownFileType = folder.assetcatalog; path = "Preview Assets.xcassets"; sourceTree = "<group>"; };
		5478FC7529E8099D00C36725 /* Info.plist */ = {isa = PBXFileReference; lastKnownFileType = text.plist.xml; path = Info.plist; sourceTree = "<group>"; };
		5478FC7629E8099D00C36725 /* MarkDowner.entitlements */ = {isa = PBXFileReference; lastKnownFileType = text.plist.entitlements; path = MarkDowner.entitlements; sourceTree = "<group>"; };
		5478FC7F29E8124000C36725 /* WebView.swift */ = {isa = PBXFileReference; lastKnownFileType = sourcecode.swift; path = WebView.swift; sourceTree = "<group>"; };
/* End PBXFileReference section */

/* Begin PBXFrameworksBuildPhase section */
		5478FC6429E8099B00C36725 /* Frameworks */ = {
			isa = PBXFrameworksBuildPhase;
			buildActionMask = 2147483647;
			files = (
				5478FC7E29E8113700C36725 /* MarkdownKit in Frameworks */,
			);
			runOnlyForDeploymentPostprocessing = 0;
		};
/* End PBXFrameworksBuildPhase section */

/* Begin PBXGroup section */
		5423481729E9533700CFC757 /* StyleSheets */ = {
			isa = PBXGroup;
			children = (
				5423481829E9533700CFC757 /* StyleSheet.swift */,
				5423481929E9533700CFC757 /* ulysses.css */,
				5423481A29E9533700CFC757 /* darksolarized.css */,
				5423481B29E9533700CFC757 /* github.css */,
				5423481C29E9533700CFC757 /* lopash.css */,
				5423481D29E9533700CFC757 /* raywenderlich.css */,
			);
			path = StyleSheets;
			sourceTree = "<group>";
		};
		5478FC5E29E8099B00C36725 = {
			isa = PBXGroup;
			children = (
				5478FC6929E8099B00C36725 /* MarkDowner */,
				5478FC6829E8099B00C36725 /* Products */,
			);
			sourceTree = "<group>";
		};
		5478FC6829E8099B00C36725 /* Products */ = {
			isa = PBXGroup;
			children = (
				5478FC6729E8099B00C36725 /* MarkDowner.app */,
			);
			name = Products;
			sourceTree = "<group>";
		};
		5478FC6929E8099B00C36725 /* MarkDowner */ = {
			isa = PBXGroup;
			children = (
				5478FC6A29E8099B00C36725 /* MarkDownerApp.swift */,
				5478FC6C29E8099B00C36725 /* MarkDownerDocument.swift */,
				5478FC6E29E8099B00C36725 /* ContentView.swift */,
				5478FC7029E8099D00C36725 /* Assets.xcassets */,
				5478FC7529E8099D00C36725 /* Info.plist */,
				5478FC7629E8099D00C36725 /* MarkDowner.entitlements */,
				5423481729E9533700CFC757 /* StyleSheets */,
				5478FC7229E8099D00C36725 /* Preview Content */,
				5478FC7F29E8124000C36725 /* WebView.swift */,
				5423482429E9542400CFC757 /* MenuCommands.swift */,
			);
			path = MarkDowner;
			sourceTree = "<group>";
		};
		5478FC7229E8099D00C36725 /* Preview Content */ = {
			isa = PBXGroup;
			children = (
				5478FC7329E8099D00C36725 /* Preview Assets.xcassets */,
			);
			path = "Preview Content";
			sourceTree = "<group>";
		};
/* End PBXGroup section */

/* Begin PBXNativeTarget section */
		5478FC6629E8099B00C36725 /* MarkDowner */ = {
			isa = PBXNativeTarget;
			buildConfigurationList = 5478FC7929E8099D00C36725 /* Build configuration list for PBXNativeTarget "MarkDowner" */;
			buildPhases = (
				5478FC6329E8099B00C36725 /* Sources */,
				5478FC6429E8099B00C36725 /* Frameworks */,
				5478FC6529E8099B00C36725 /* Resources */,
			);
			buildRules = (
			);
			dependencies = (
			);
			name = MarkDowner;
			packageProductDependencies = (
				5478FC7D29E8113700C36725 /* MarkdownKit */,
			);
			productName = MarkDowner;
			productReference = 5478FC6729E8099B00C36725 /* MarkDowner.app */;
			productType = "com.apple.product-type.application";
		};
/* End PBXNativeTarget section */

/* Begin PBXProject section */
		5478FC5F29E8099B00C36725 /* Project object */ = {
			isa = PBXProject;
			attributes = {
				BuildIndependentTargetsInParallel = 1;
				LastSwiftUpdateCheck = 1430;
				LastUpgradeCheck = 1430;
				TargetAttributes = {
					5478FC6629E8099B00C36725 = {
						CreatedOnToolsVersion = 14.3;
					};
				};
			};
			buildConfigurationList = 5478FC6229E8099B00C36725 /* Build configuration list for PBXProject "MarkDowner" */;
			compatibilityVersion = "Xcode 14.0";
			developmentRegion = en;
			hasScannedForEncodings = 0;
			knownRegions = (
				en,
				Base,
			);
			mainGroup = 5478FC5E29E8099B00C36725;
			packageReferences = (
				5478FC7C29E8113700C36725 /* XCRemoteSwiftPackageReference "swift-markdownkit" */,
			);
			productRefGroup = 5478FC6829E8099B00C36725 /* Products */;
			projectDirPath = "";
			projectRoot = "";
			targets = (
				5478FC6629E8099B00C36725 /* MarkDowner */,
			);
		};
/* End PBXProject section */

/* Begin PBXResourcesBuildPhase section */
		5478FC6529E8099B00C36725 /* Resources */ = {
			isa = PBXResourcesBuildPhase;
			buildActionMask = 2147483647;
			files = (
				5423482229E9533700CFC757 /* lopash.css in Resources */,
				5478FC7429E8099D00C36725 /* Preview Assets.xcassets in Resources */,
				5423482129E9533700CFC757 /* github.css in Resources */,
				5423481F29E9533700CFC757 /* ulysses.css in Resources */,
				5423482329E9533700CFC757 /* raywenderlich.css in Resources */,
				5478FC7129E8099D00C36725 /* Assets.xcassets in Resources */,
				5423482029E9533700CFC757 /* darksolarized.css in Resources */,
			);
			runOnlyForDeploymentPostprocessing = 0;
		};
/* End PBXResourcesBuildPhase section */

/* Begin PBXSourcesBuildPhase section */
		5478FC6329E8099B00C36725 /* Sources */ = {
			isa = PBXSourcesBuildPhase;
			buildActionMask = 2147483647;
			files = (
				5478FC6D29E8099B00C36725 /* MarkDownerDocument.swift in Sources */,
				5423481E29E9533700CFC757 /* StyleSheet.swift in Sources */,
				5423482529E9542400CFC757 /* MenuCommands.swift in Sources */,
				5478FC8029E8124000C36725 /* WebView.swift in Sources */,
				5478FC6B29E8099B00C36725 /* MarkDownerApp.swift in Sources */,
				5478FC6F29E8099B00C36725 /* ContentView.swift in Sources */,
			);
			runOnlyForDeploymentPostprocessing = 0;
		};
/* End PBXSourcesBuildPhase section */

/* Begin XCBuildConfiguration section */
		5478FC7729E8099D00C36725 /* Debug */ = {
			isa = XCBuildConfiguration;
			buildSettings = {
				ALWAYS_SEARCH_USER_PATHS = NO;
				CLANG_ANALYZER_NONNULL = YES;
				CLANG_ANALYZER_NUMBER_OBJECT_CONVERSION = YES_AGGRESSIVE;
				CLANG_CXX_LANGUAGE_STANDARD = "gnu++20";
				CLANG_ENABLE_MODULES = YES;
				CLANG_ENABLE_OBJC_ARC = YES;
				CLANG_ENABLE_OBJC_WEAK = YES;
				CLANG_WARN_BLOCK_CAPTURE_AUTORELEASING = YES;
				CLANG_WARN_BOOL_CONVERSION = YES;
				CLANG_WARN_COMMA = YES;
				CLANG_WARN_CONSTANT_CONVERSION = YES;
				CLANG_WARN_DEPRECATED_OBJC_IMPLEMENTATIONS = YES;
				CLANG_WARN_DIRECT_OBJC_ISA_USAGE = YES_ERROR;
				CLANG_WARN_DOCUMENTATION_COMMENTS = YES;
				CLANG_WARN_EMPTY_BODY = YES;
				CLANG_WARN_ENUM_CONVERSION = YES;
				CLANG_WARN_INFINITE_RECURSION = YES;
				CLANG_WARN_INT_CONVERSION = YES;
				CLANG_WARN_NON_LITERAL_NULL_CONVERSION = YES;
				CLANG_WARN_OBJC_IMPLICIT_RETAIN_SELF = YES;
				CLANG_WARN_OBJC_LITERAL_CONVERSION = YES;
				CLANG_WARN_OBJC_ROOT_CLASS = YES_ERROR;
				CLANG_WARN_QUOTED_INCLUDE_IN_FRAMEWORK_HEADER = YES;
				CLANG_WARN_RANGE_LOOP_ANALYSIS = YES;
				CLANG_WARN_STRICT_PROTOTYPES = YES;
				CLANG_WARN_SUSPICIOUS_MOVE = YES;
				CLANG_WARN_UNGUARDED_AVAILABILITY = YES_AGGRESSIVE;
				CLANG_WARN_UNREACHABLE_CODE = YES;
				CLANG_WARN__DUPLICATE_METHOD_MATCH = YES;
				COPY_PHASE_STRIP = NO;
				DEBUG_INFORMATION_FORMAT = dwarf;
				ENABLE_STRICT_OBJC_MSGSEND = YES;
				ENABLE_TESTABILITY = YES;
				GCC_C_LANGUAGE_STANDARD = gnu11;
				GCC_DYNAMIC_NO_PIC = NO;
				GCC_NO_COMMON_BLOCKS = YES;
				GCC_OPTIMIZATION_LEVEL = 0;
				GCC_PREPROCESSOR_DEFINITIONS = (
					"DEBUG=1",
					"$(inherited)",
				);
				GCC_WARN_64_TO_32_BIT_CONVERSION = YES;
				GCC_WARN_ABOUT_RETURN_TYPE = YES_ERROR;
				GCC_WARN_UNDECLARED_SELECTOR = YES;
				GCC_WARN_UNINITIALIZED_AUTOS = YES_AGGRESSIVE;
				GCC_WARN_UNUSED_FUNCTION = YES;
				GCC_WARN_UNUSED_VARIABLE = YES;
				MACOSX_DEPLOYMENT_TARGET = 13.3;
				MTL_ENABLE_DEBUG_INFO = INCLUDE_SOURCE;
				MTL_FAST_MATH = YES;
				ONLY_ACTIVE_ARCH = YES;
				SDKROOT = macosx;
				SWIFT_ACTIVE_COMPILATION_CONDITIONS = DEBUG;
				SWIFT_OPTIMIZATION_LEVEL = "-Onone";
			};
			name = Debug;
		};
		5478FC7829E8099D00C36725 /* Release */ = {
			isa = XCBuildConfiguration;
			buildSettings = {
				ALWAYS_SEARCH_USER_PATHS = NO;
				CLANG_ANALYZER_NONNULL = YES;
				CLANG_ANALYZER_NUMBER_OBJECT_CONVERSION = YES_AGGRESSIVE;
				CLANG_CXX_LANGUAGE_STANDARD = "gnu++20";
				CLANG_ENABLE_MODULES = YES;
				CLANG_ENABLE_OBJC_ARC = YES;
				CLANG_ENABLE_OBJC_WEAK = YES;
				CLANG_WARN_BLOCK_CAPTURE_AUTORELEASING = YES;
				CLANG_WARN_BOOL_CONVERSION = YES;
				CLANG_WARN_COMMA = YES;
				CLANG_WARN_CONSTANT_CONVERSION = YES;
				CLANG_WARN_DEPRECATED_OBJC_IMPLEMENTATIONS = YES;
				CLANG_WARN_DIRECT_OBJC_ISA_USAGE = YES_ERROR;
				CLANG_WARN_DOCUMENTATION_COMMENTS = YES;
				CLANG_WARN_EMPTY_BODY = YES;
				CLANG_WARN_ENUM_CONVERSION = YES;
				CLANG_WARN_INFINITE_RECURSION = YES;
				CLANG_WARN_INT_CONVERSION = YES;
				CLANG_WARN_NON_LITERAL_NULL_CONVERSION = YES;
				CLANG_WARN_OBJC_IMPLICIT_RETAIN_SELF = YES;
				CLANG_WARN_OBJC_LITERAL_CONVERSION = YES;
				CLANG_WARN_OBJC_ROOT_CLASS = YES_ERROR;
				CLANG_WARN_QUOTED_INCLUDE_IN_FRAMEWORK_HEADER = YES;
				CLANG_WARN_RANGE_LOOP_ANALYSIS = YES;
				CLANG_WARN_STRICT_PROTOTYPES = YES;
				CLANG_WARN_SUSPICIOUS_MOVE = YES;
				CLANG_WARN_UNGUARDED_AVAILABILITY = YES_AGGRESSIVE;
				CLANG_WARN_UNREACHABLE_CODE = YES;
				CLANG_WARN__DUPLICATE_METHOD_MATCH = YES;
				COPY_PHASE_STRIP = NO;
				DEBUG_INFORMATION_FORMAT = "dwarf-with-dsym";
				ENABLE_NS_ASSERTIONS = NO;
				ENABLE_STRICT_OBJC_MSGSEND = YES;
				GCC_C_LANGUAGE_STANDARD = gnu11;
				GCC_NO_COMMON_BLOCKS = YES;
				GCC_WARN_64_TO_32_BIT_CONVERSION = YES;
				GCC_WARN_ABOUT_RETURN_TYPE = YES_ERROR;
				GCC_WARN_UNDECLARED_SELECTOR = YES;
				GCC_WARN_UNINITIALIZED_AUTOS = YES_AGGRESSIVE;
				GCC_WARN_UNUSED_FUNCTION = YES;
				GCC_WARN_UNUSED_VARIABLE = YES;
				MACOSX_DEPLOYMENT_TARGET = 13.3;
				MTL_ENABLE_DEBUG_INFO = NO;
				MTL_FAST_MATH = YES;
				SDKROOT = macosx;
				SWIFT_COMPILATION_MODE = wholemodule;
				SWIFT_OPTIMIZATION_LEVEL = "-O";
			};
			name = Release;
		};
		5478FC7A29E8099D00C36725 /* Debug */ = {
			isa = XCBuildConfiguration;
			buildSettings = {
				ASSETCATALOG_COMPILER_APPICON_NAME = AppIcon;
				ASSETCATALOG_COMPILER_GLOBAL_ACCENT_COLOR_NAME = AccentColor;
				CODE_SIGN_ENTITLEMENTS = MarkDowner/MarkDowner.entitlements;
				CODE_SIGN_STYLE = Automatic;
				COMBINE_HIDPI_IMAGES = YES;
				CURRENT_PROJECT_VERSION = 1;
				DEVELOPMENT_ASSET_PATHS = "\"MarkDowner/Preview Content\"";
				DEVELOPMENT_TEAM = UVYNYY6W6Y;
				ENABLE_HARDENED_RUNTIME = YES;
				ENABLE_PREVIEWS = YES;
				GENERATE_INFOPLIST_FILE = YES;
				INFOPLIST_FILE = MarkDowner/Info.plist;
				INFOPLIST_KEY_NSHumanReadableCopyright = "";
				LD_RUNPATH_SEARCH_PATHS = (
					"$(inherited)",
					"@executable_path/../Frameworks",
				);
				MARKETING_VERSION = 1.0;
				PRODUCT_BUNDLE_IDENTIFIER = com.marcocarraro.MarkDowner;
				PRODUCT_NAME = "$(TARGET_NAME)";
				SWIFT_EMIT_LOC_STRINGS = YES;
				SWIFT_VERSION = 5.0;
			};
			name = Debug;
		};
		5478FC7B29E8099D00C36725 /* Release */ = {
			isa = XCBuildConfiguration;
			buildSettings = {
				ASSETCATALOG_COMPILER_APPICON_NAME = AppIcon;
				ASSETCATALOG_COMPILER_GLOBAL_ACCENT_COLOR_NAME = AccentColor;
				CODE_SIGN_ENTITLEMENTS = MarkDowner/MarkDowner.entitlements;
				CODE_SIGN_STYLE = Automatic;
				COMBINE_HIDPI_IMAGES = YES;
				CURRENT_PROJECT_VERSION = 1;
				DEVELOPMENT_ASSET_PATHS = "\"MarkDowner/Preview Content\"";
				DEVELOPMENT_TEAM = UVYNYY6W6Y;
				ENABLE_HARDENED_RUNTIME = YES;
				ENABLE_PREVIEWS = YES;
				GENERATE_INFOPLIST_FILE = YES;
				INFOPLIST_FILE = MarkDowner/Info.plist;
				INFOPLIST_KEY_NSHumanReadableCopyright = "";
				LD_RUNPATH_SEARCH_PATHS = (
					"$(inherited)",
					"@executable_path/../Frameworks",
				);
				MARKETING_VERSION = 1.0;
				PRODUCT_BUNDLE_IDENTIFIER = com.marcocarraro.MarkDowner;
				PRODUCT_NAME = "$(TARGET_NAME)";
				SWIFT_EMIT_LOC_STRINGS = YES;
				SWIFT_VERSION = 5.0;
			};
			name = Release;
		};
/* End XCBuildConfiguration section */

/* Begin XCConfigurationList section */
		5478FC6229E8099B00C36725 /* Build configuration list for PBXProject "MarkDowner" */ = {
			isa = XCConfigurationList;
			buildConfigurations = (
				5478FC7729E8099D00C36725 /* Debug */,
				5478FC7829E8099D00C36725 /* Release */,
			);
			defaultConfigurationIsVisible = 0;
			defaultConfigurationName = Release;
		};
		5478FC7929E8099D00C36725 /* Build configuration list for PBXNativeTarget "MarkDowner" */ = {
			isa = XCConfigurationList;
			buildConfigurations = (
				5478FC7A29E8099D00C36725 /* Debug */,
				5478FC7B29E8099D00C36725 /* Release */,
			);
			defaultConfigurationIsVisible = 0;
			defaultConfigurationName = Release;
		};
/* End XCConfigurationList section */

/* Begin XCRemoteSwiftPackageReference section */
		5478FC7C29E8113700C36725 /* XCRemoteSwiftPackageReference "swift-markdownkit" */ = {
			isa = XCRemoteSwiftPackageReference;
			repositoryURL = "https://github.com/objecthub/swift-markdownkit";
			requirement = {
				kind = upToNextMajorVersion;
				minimumVersion = 1.0.0;
			};
		};
/* End XCRemoteSwiftPackageReference section */

/* Begin XCSwiftPackageProductDependency section */
		5478FC7D29E8113700C36725 /* MarkdownKit */ = {
			isa = XCSwiftPackageProductDependency;
			package = 5478FC7C29E8113700C36725 /* XCRemoteSwiftPackageReference "swift-markdownkit" */;
			productName = MarkdownKit;
		};
/* End XCSwiftPackageProductDependency section */
	};
	rootObject = 5478FC5F29E8099B00C36725 /* Project object */;
}
